%{
  "cowboy": {:hex, :cowboy, "2.7.0", "91ed100138a764355f43316b1d23d7ff6bdb0de4ea618cb5d8677c93a7a2f115", [:rebar3], [{:cowlib, "~> 2.8.0", [hex: :cowlib, repo: "hexpm", optional: false]}, {:ranch, "~> 1.7.1", [hex: :ranch, repo: "hexpm", optional: false]}], "hexpm", "04fd8c6a39edc6aaa9c26123009200fc61f92a3a94f3178c527b70b767c6e605"},
  "cowlib": {:hex, :cowlib, "2.8.0", "fd0ff1787db84ac415b8211573e9a30a3ebe71b5cbff7f720089972b2319c8a4", [:rebar3], [], "hexpm", "79f954a7021b302186a950a32869dbc185523d99d3e44ce430cd1f3289f41ed4"},
  "grpc": {:hex, :grpc, "0.5.0-beta.1", "7d43f52e138fe261f5b4981f1ada515dfc2e1bfa9dc92c7022e8f41e7e49b571", [:mix], [{:cowboy, "~> 2.7.0", [hex: :cowboy, repo: "hexpm", optional: false]}, {:gun, "~> 2.0.0", [hex: :grpc_gun, repo: "hexpm", optional: false]}, {:protobuf, "~> 0.5", [hex: :protobuf, repo: "hexpm", optional: false]}], "hexpm", "fbbf8872935c295b7575435fe4128372c23c6ded89c2ef8058af3c6167bb3f65"},
  "gun": {:hex, :grpc_gun, "2.0.0", "f99678a2ab975e74372a756c86ec30a8384d3ac8a8b86c7ed6243ef4e61d2729", [:rebar3], [{:cowlib, "~> 2.8.0", [hex: :cowlib, repo: "hexpm", optional: false]}], "hexpm", "03dbbca1a9c604a0267a40ea1d69986225091acb822de0b2dbea21d5815e410b"},
  "inflex": {:hex, :inflex, "2.1.0", "a365cf0821a9dacb65067abd95008ca1b0bb7dcdd85ae59965deef2aa062924c", [:mix], [], "hexpm", "14c17d05db4ee9b6d319b0bff1bdf22aa389a25398d1952c7a0b5f3d93162dd8"},
  "meck": {:hex, :meck, "0.8.13", "ffedb39f99b0b99703b8601c6f17c7f76313ee12de6b646e671e3188401f7866", [:rebar3], [], "hexpm", "d34f013c156db51ad57cc556891b9720e6a1c1df5fe2e15af999c84d6cebeb1a"},
  "mock": {:hex, :mock, "0.3.6", "e810a91fabc7adf63ab5fdbec5d9d3b492413b8cda5131a2a8aa34b4185eb9b4", [:mix], [{:meck, "~> 0.8.13", [hex: :meck, repo: "hexpm", optional: false]}], "hexpm", "bcf1d0a6826fb5aee01bae3d74474669a3fa8b2df274d094af54a25266a1ebd2"},
  "opentelemetry": {:hex, :opentelemetry, "1.0.0-rc.1", "80cdd08e8f6ce15d92f5cd1c4c2d442f6835fcb42f9324a55e67d6b47c27e4bc", [:rebar3], [{:opentelemetry_api, "~> 1.0.0-rc.1", [hex: :opentelemetry_api, repo: "hexpm", optional: false]}], "hexpm", "698fed4e8dfe57f03590d6439ed07cf9797c2101a74ffecb8f6e83565ec193cb"},
  "opentelemetry_api": {:hex, :opentelemetry_api, "1.0.0-rc.1", "8be0d75a467d5b903214c59f2d01dff81969e1ea5d7d75a790b605daaa7b36b9", [:mix, :rebar3], [], "hexpm", "22cfad076849c138b8a4b5f0170f7c87178ea9cff7a76f3137e8d93071a1d808"},
  "protobuf": {:hex, :protobuf, "0.7.1", "7d1b9f7d9ecb32eccd96b0c58572de4d1c09e9e3bc414e4cb15c2dce7013f195", [:mix], [], "hexpm", "6eff7a5287963719521c82e5d5b4583fd1d7cdd89ad129f0ea7d503a50a4d13f"},
  "ranch": {:hex, :ranch, "1.7.1", "6b1fab51b49196860b733a49c07604465a47bdb78aa10c1c16a3d199f7f8c881", [:rebar3], [], "hexpm", "451d8527787df716d99dc36162fca05934915db0b6141bbdac2ea8d3c7afc7d7"},
}
